
Microsoft Visual Studio Solution File, Format Version 12.00
# Visual Studio Version 16
VisualStudioVersion = 16.0.29123.89
MinimumVisualStudioVersion = 10.0.40219.1
Project("{FAE04EC0-301F-11D3-BF4B-00C04F79EFBC}") = "RefactoringDemo", ".\RefactoringDemo\RefactoringDemo.csproj", "{7E6EE113-2647-4AC9-A7BB-FC415A217E05}"
EndProject
Project("{FAE04EC0-301F-11D3-BF4B-00C04F79EFBC}") = "RefactoringDemo.Library", ".\RefactoringDemo.Library\RefactoringDemo.Library.csproj", "{C8525C9A-E5AB-4058-8F1C-A974160A70A3}"
EndProject
Global
	GlobalSection(SolutionConfigurationPlatforms) = preSolution
		Debug|Any CPU = Debug|Any CPU
		Release|Any CPU = Release|Any CPU
	EndGlobalSection
	GlobalSection(ProjectConfigurationPlatforms) = postSolution
		{7E6EE113-2647-4AC9-A7BB-FC415A217E05}.Debug|Any CPU.ActiveCfg = Debug|Any CPU
		{7E6EE113-2647-4AC9-A7BB-FC415A217E05}.Debug|Any CPU.Build.0 = Debug|Any CPU
		{7E6EE113-2647-4AC9-A7BB-FC415A217E05}.Release|Any CPU.ActiveCfg = Release|Any CPU
		{7E6EE113-2647-4AC9-A7BB-FC415A217E05}.Release|Any CPU.Build.0 = Release|Any CPU
		{C8525C9A-E5AB-4058-8F1C-A974160A70A3}.Debug|Any CPU.ActiveCfg = Debug|Any CPU
		{C8525C9A-E5AB-4058-8F1C-A974160A70A3}.Debug|Any CPU.Build.0 = Debug|Any CPU
		{C8525C9A-E5AB-4058-8F1C-A974160A70A3}.Release|Any CPU.ActiveCfg = Release|Any CPU
		{C8525C9A-E5AB-4058-8F1C-A974160A70A3}.Release|Any CPU.Build.0 = Release|Any CPU
	EndGlobalSection
	GlobalSection(SolutionProperties) = preSolution
		HideSolutionNode = FALSE
	EndGlobalSection
	GlobalSection(ExtensibilityGlobals) = postSolution
		SolutionGuid = {3DD931AA-D2A8-46DB-A5C2-5EA854250BC6}
	EndGlobalSection
EndGlobal
