
Microsoft Visual Studio Solution File, Format Version 12.00
# Visual Studio Version 16
VisualStudioVersion = 16.0.29721.120
MinimumVisualStudioVersion = 10.0.40219.1
Project("{FAE04EC0-301F-11D3-BF4B-00C04F79EFBC}") = "AzureFunctionDemo", ".\AzureFunctionDemo\AzureFunctionDemo.csproj", "{E31ABD83-305B-4730-93ED-60AA4BF26529}"
EndProject
Global
	GlobalSection(SolutionConfigurationPlatforms) = preSolution
		Debug|Any CPU = Debug|Any CPU
		Release|Any CPU = Release|Any CPU
	EndGlobalSection
	GlobalSection(ProjectConfigurationPlatforms) = postSolution
		{E31ABD83-305B-4730-93ED-60AA4BF26529}.Debug|Any CPU.ActiveCfg = Debug|Any CPU
		{E31ABD83-305B-4730-93ED-60AA4BF26529}.Debug|Any CPU.Build.0 = Debug|Any CPU
		{E31ABD83-305B-4730-93ED-60AA4BF26529}.Release|Any CPU.ActiveCfg = Release|Any CPU
		{E31ABD83-305B-4730-93ED-60AA4BF26529}.Release|Any CPU.Build.0 = Release|Any CPU
	EndGlobalSection
	GlobalSection(SolutionProperties) = preSolution
		HideSolutionNode = FALSE
	EndGlobalSection
	GlobalSection(ExtensibilityGlobals) = postSolution
		SolutionGuid = {557198EA-B08E-4A44-8545-F9E1BDD9D54E}
	EndGlobalSection
EndGlobal
