
Microsoft Visual Studio Solution File, Format Version 12.00
# Visual Studio Version 16
VisualStudioVersion = 16.0.29521.150
MinimumVisualStudioVersion = 10.0.40219.1
Project("{FAE04EC0-301F-11D3-BF4B-00C04F79EFBC}") = "WpfAppForNetCore3", ".\WpfAppForNetCore3\WpfAppForNetCore3.csproj", "{AA0651BB-F1CD-4AC5-B49E-E6BC2D76CFB5}"
EndProject
Global
	GlobalSection(SolutionConfigurationPlatforms) = preSolution
		Debug|Any CPU = Debug|Any CPU
		Release|Any CPU = Release|Any CPU
	EndGlobalSection
	GlobalSection(ProjectConfigurationPlatforms) = postSolution
		{AA0651BB-F1CD-4AC5-B49E-E6BC2D76CFB5}.Debug|Any CPU.ActiveCfg = Debug|Any CPU
		{AA0651BB-F1CD-4AC5-B49E-E6BC2D76CFB5}.Debug|Any CPU.Build.0 = Debug|Any CPU
		{AA0651BB-F1CD-4AC5-B49E-E6BC2D76CFB5}.Release|Any CPU.ActiveCfg = Release|Any CPU
		{AA0651BB-F1CD-4AC5-B49E-E6BC2D76CFB5}.Release|Any CPU.Build.0 = Release|Any CPU
	EndGlobalSection
	GlobalSection(SolutionProperties) = preSolution
		HideSolutionNode = FALSE
	EndGlobalSection
	GlobalSection(ExtensibilityGlobals) = postSolution
		SolutionGuid = {2B038DD5-10C4-4C1A-964E-68CD5F7F0E56}
	EndGlobalSection
EndGlobal
