
Microsoft Visual Studio Solution File, Format Version 12.00
# Visual Studio Version 16
VisualStudioVersion = 16.0.29009.5
MinimumVisualStudioVersion = 10.0.40219.1
Project("{FAE04EC0-301F-11D3-BF4B-00C04F79EFBC}") = "DemoWebApp", "DemoWebApp\DemoWebApp.csproj", "{F5213143-6156-4EEC-8C34-98FDFC609C6C}"
EndProject
Global
	GlobalSection(SolutionConfigurationPlatforms) = preSolution
		Debug|Any CPU = Debug|Any CPU
		Release|Any CPU = Release|Any CPU
	EndGlobalSection
	GlobalSection(ProjectConfigurationPlatforms) = postSolution
		{F5213143-6156-4EEC-8C34-98FDFC609C6C}.Debug|Any CPU.ActiveCfg = Debug|Any CPU
		{F5213143-6156-4EEC-8C34-98FDFC609C6C}.Debug|Any CPU.Build.0 = Debug|Any CPU
		{F5213143-6156-4EEC-8C34-98FDFC609C6C}.Release|Any CPU.ActiveCfg = Release|Any CPU
		{F5213143-6156-4EEC-8C34-98FDFC609C6C}.Release|Any CPU.Build.0 = Release|Any CPU
	EndGlobalSection
	GlobalSection(SolutionProperties) = preSolution
		HideSolutionNode = FALSE
	EndGlobalSection
	GlobalSection(ExtensibilityGlobals) = postSolution
		SolutionGuid = {C27529D4-0CD8-421A-BD49-694BF2E4D727}
	EndGlobalSection
EndGlobal
